// !$*UTF8*$!
{
	archiveVersion = 1;
	classes = {
	};
	objectVersion = 46;
	objects = {

/* Begin PBXBuildFile section */
		75DA4B621F3EC9940083CF01 /* main.m in Sources */ = {isa = PBXBuildFile; fileRef = 75DA4B611F3EC9940083CF01 /* main.m */; };
		75DA4B651F3EC9940083CF01 /* AppDelegate.m in Sources */ = {isa = PBXBuildFile; fileRef = 75DA4B641F3EC9940083CF01 /* AppDelegate.m */; };
		75DA4B681F3EC9940083CF01 /* ViewController.m in Sources */ = {isa = PBXBuildFile; fileRef = 75DA4B671F3EC9940083CF01 /* ViewController.m */; };
		75DA4B6B1F3EC9940083CF01 /* Main.storyboard in Resources */ = {isa = PBXBuildFile; fileRef = 75DA4B691F3EC9940083CF01 /* Main.storyboard */; };
		75DA4B6D1F3EC9940083CF01 /* Assets.xcassets in Resources */ = {isa = PBXBuildFile; fileRef = 75DA4B6C1F3EC9940083CF01 /* Assets.xcassets */; };
		75DA4B701F3EC9940083CF01 /* LaunchScreen.storyboard in Resources */ = {isa = PBXBuildFile; fileRef = 75DA4B6E1F3EC9940083CF01 /* LaunchScreen.storyboard */; };
		75DA4B7A1F3EC9AF0083CF01 /* ListCollectionViewCell.m in Sources */ = {isa = PBXBuildFile; fileRef = 75DA4B781F3EC9AF0083CF01 /* ListCollectionViewCell.m */; };
		75DA4B7B1F3EC9AF0083CF01 /* ListCollectionViewCell.xib in Resources */ = {isa = PBXBuildFile; fileRef = 75DA4B791F3EC9AF0083CF01 /* ListCollectionViewCell.xib */; };
		75DA4B7F1F3EC9EC0083CF01 /* MyTableViewCell.m in Sources */ = {isa = PBXBuildFile; fileRef = 75DA4B7D1F3EC9EC0083CF01 /* MyTableViewCell.m */; };
		75DA4B801F3EC9EC0083CF01 /* MyTableViewCell.xib in Resources */ = {isa = PBXBuildFile; fileRef = 75DA4B7E1F3EC9EC0083CF01 /* MyTableViewCell.xib */; };
		75DA4C021F3F26790083CF01 /* MyModel.m in Sources */ = {isa = PBXBuildFile; fileRef = 75DA4C011F3F26790083CF01 /* MyModel.m */; };
		75DA4C051F3F26C10083CF01 /* MySubModel.m in Sources */ = {isa = PBXBuildFile; fileRef = 75DA4C041F3F26C10083CF01 /* MySubModel.m */; };
/* End PBXBuildFile section */

/* Begin PBXFileReference section */
		75DA4B5D1F3EC9940083CF01 /* 666.app */ = {isa = PBXFileReference; explicitFileType = wrapper.application; includeInIndex = 0; path = 666.app; sourceTree = BUILT_PRODUCTS_DIR; };
		75DA4B611F3EC9940083CF01 /* main.m */ = {isa = PBXFileReference; lastKnownFileType = sourcecode.c.objc; path = main.m; sourceTree = "<group>"; };
		75DA4B631F3EC9940083CF01 /* AppDelegate.h */ = {isa = PBXFileReference; lastKnownFileType = sourcecode.c.h; path = AppDelegate.h; sourceTree = "<group>"; };
		75DA4B641F3EC9940083CF01 /* AppDelegate.m */ = {isa = PBXFileReference; lastKnownFileType = sourcecode.c.objc; path = AppDelegate.m; sourceTree = "<group>"; };
		75DA4B661F3EC9940083CF01 /* ViewController.h */ = {isa = PBXFileReference; lastKnownFileType = sourcecode.c.h; path = ViewController.h; sourceTree = "<group>"; };
		75DA4B671F3EC9940083CF01 /* ViewController.m */ = {isa = PBXFileReference; lastKnownFileType = sourcecode.c.objc; path = ViewController.m; sourceTree = "<group>"; };
		75DA4B6A1F3EC9940083CF01 /* Base */ = {isa = PBXFileReference; lastKnownFileType = file.storyboard; name = Base; path = Base.lproj/Main.storyboard; sourceTree = "<group>"; };
		75DA4B6C1F3EC9940083CF01 /* Assets.xcassets */ = {isa = PBXFileReference; lastKnownFileType = folder.assetcatalog; path = Assets.xcassets; sourceTree = "<group>"; };
		75DA4B6F1F3EC9940083CF01 /* Base */ = {isa = PBXFileReference; lastKnownFileType = file.storyboard; name = Base; path = Base.lproj/LaunchScreen.storyboard; sourceTree = "<group>"; };
		75DA4B711F3EC9940083CF01 /* Info.plist */ = {isa = PBXFileReference; lastKnownFileType = text.plist.xml; path = Info.plist; sourceTree = "<group>"; };
		75DA4B771F3EC9AF0083CF01 /* ListCollectionViewCell.h */ = {isa = PBXFileReference; fileEncoding = 4; lastKnownFileType = sourcecode.c.h; path = ListCollectionViewCell.h; sourceTree = "<group>"; };
		75DA4B781F3EC9AF0083CF01 /* ListCollectionViewCell.m */ = {isa = PBXFileReference; fileEncoding = 4; lastKnownFileType = sourcecode.c.objc; path = ListCollectionViewCell.m; sourceTree = "<group>"; };
		75DA4B791F3EC9AF0083CF01 /* ListCollectionViewCell.xib */ = {isa = PBXFileReference; fileEncoding = 4; lastKnownFileType = file.xib; path = ListCollectionViewCell.xib; sourceTree = "<group>"; };
		75DA4B7C1F3EC9EC0083CF01 /* MyTableViewCell.h */ = {isa = PBXFileReference; fileEncoding = 4; lastKnownFileType = sourcecode.c.h; path = MyTableViewCell.h; sourceTree = "<group>"; };
		75DA4B7D1F3EC9EC0083CF01 /* MyTableViewCell.m */ = {isa = PBXFileReference; fileEncoding = 4; lastKnownFileType = sourcecode.c.objc; path = MyTableViewCell.m; sourceTree = "<group>"; };
		75DA4B7E1F3EC9EC0083CF01 /* MyTableViewCell.xib */ = {isa = PBXFileReference; fileEncoding = 4; lastKnownFileType = file.xib; path = MyTableViewCell.xib; sourceTree = "<group>"; };
		75DA4C001F3F26790083CF01 /* MyModel.h */ = {isa = PBXFileReference; fileEncoding = 4; lastKnownFileType = sourcecode.c.h; path = MyModel.h; sourceTree = "<group>"; };
		75DA4C011F3F26790083CF01 /* MyModel.m */ = {isa = PBXFileReference; fileEncoding = 4; lastKnownFileType = sourcecode.c.objc; path = MyModel.m; sourceTree = "<group>"; };
		75DA4C031F3F26C10083CF01 /* MySubModel.h */ = {isa = PBXFileReference; fileEncoding = 4; lastKnownFileType = sourcecode.c.h; path = MySubModel.h; sourceTree = "<group>"; };
		75DA4C041F3F26C10083CF01 /* MySubModel.m */ = {isa = PBXFileReference; fileEncoding = 4; lastKnownFileType = sourcecode.c.objc; path = MySubModel.m; sourceTree = "<group>"; };
/* End PBXFileReference section */

/* Begin PBXFrameworksBuildPhase section */
		75DA4B5A1F3EC9940083CF01 /* Frameworks */ = {
			isa = PBXFrameworksBuildPhase;
			buildActionMask = 2147483647;
			files = (
			);
			runOnlyForDeploymentPostprocessing = 0;
		};
/* End PBXFrameworksBuildPhase section */

/* Begin PBXGroup section */
		75DA4B541F3EC9940083CF01 = {
			isa = PBXGroup;
			children = (
				75DA4B5F1F3EC9940083CF01 /* 666 */,
				75DA4B5E1F3EC9940083CF01 /* Products */,
			);
			sourceTree = "<group>";
		};
		75DA4B5E1F3EC9940083CF01 /* Products */ = {
			isa = PBXGroup;
			children = (
				75DA4B5D1F3EC9940083CF01 /* 666.app */,
			);
			name = Products;
			sourceTree = "<group>";
		};
		75DA4B5F1F3EC9940083CF01 /* 666 */ = {
			isa = PBXGroup;
			children = (
				75DA4B631F3EC9940083CF01 /* AppDelegate.h */,
				75DA4B641F3EC9940083CF01 /* AppDelegate.m */,
				75DA4B661F3EC9940083CF01 /* ViewController.h */,
				75DA4B671F3EC9940083CF01 /* ViewController.m */,
				75DA4C001F3F26790083CF01 /* MyModel.h */,
				75DA4C011F3F26790083CF01 /* MyModel.m */,
				75DA4C031F3F26C10083CF01 /* MySubModel.h */,
				75DA4C041F3F26C10083CF01 /* MySubModel.m */,
				75DA4B7C1F3EC9EC0083CF01 /* MyTableViewCell.h */,
				75DA4B7D1F3EC9EC0083CF01 /* MyTableViewCell.m */,
				75DA4B7E1F3EC9EC0083CF01 /* MyTableViewCell.xib */,
				75DA4B771F3EC9AF0083CF01 /* ListCollectionViewCell.h */,
				75DA4B781F3EC9AF0083CF01 /* ListCollectionViewCell.m */,
				75DA4B791F3EC9AF0083CF01 /* ListCollectionViewCell.xib */,
				75DA4B691F3EC9940083CF01 /* Main.storyboard */,
				75DA4B6C1F3EC9940083CF01 /* Assets.xcassets */,
				75DA4B6E1F3EC9940083CF01 /* LaunchScreen.storyboard */,
				75DA4B711F3EC9940083CF01 /* Info.plist */,
				75DA4B601F3EC9940083CF01 /* Supporting Files */,
			);
			path = 666;
			sourceTree = "<group>";
		};
		75DA4B601F3EC9940083CF01 /* Supporting Files */ = {
			isa = PBXGroup;
			children = (
				75DA4B611F3EC9940083CF01 /* main.m */,
			);
			name = "Supporting Files";
			sourceTree = "<group>";
		};
/* End PBXGroup section */

/* Begin PBXNativeTarget section */
		75DA4B5C1F3EC9940083CF01 /* 666 */ = {
			isa = PBXNativeTarget;
			buildConfigurationList = 75DA4B741F3EC9940083CF01 /* Build configuration list for PBXNativeTarget "666" */;
			buildPhases = (
				75DA4B591F3EC9940083CF01 /* Sources */,
				75DA4B5A1F3EC9940083CF01 /* Frameworks */,
				75DA4B5B1F3EC9940083CF01 /* Resources */,
			);
			buildRules = (
			);
			dependencies = (
			);
			name = 666;
			productName = 666;
			productReference = 75DA4B5D1F3EC9940083CF01 /* 666.app */;
			productType = "com.apple.product-type.application";
		};
/* End PBXNativeTarget section */

/* Begin PBXProject section */
		75DA4B551F3EC9940083CF01 /* Project object */ = {
			isa = PBXProject;
			attributes = {
				LastUpgradeCheck = 0830;
				ORGANIZATIONNAME = "萤火照星空";
				TargetAttributes = {
					75DA4B5C1F3EC9940083CF01 = {
						CreatedOnToolsVersion = 8.3.3;
						DevelopmentTeam = 48R9Z452YE;
						ProvisioningStyle = Automatic;
					};
				};
			};
			buildConfigurationList = 75DA4B581F3EC9940083CF01 /* Build configuration list for PBXProject "666" */;
			compatibilityVersion = "Xcode 3.2";
			developmentRegion = English;
			hasScannedForEncodings = 0;
			knownRegions = (
				en,
				Base,
			);
			mainGroup = 75DA4B541F3EC9940083CF01;
			productRefGroup = 75DA4B5E1F3EC9940083CF01 /* Products */;
			projectDirPath = "";
			projectRoot = "";
			targets = (
				75DA4B5C1F3EC9940083CF01 /* 666 */,
			);
		};
/* End PBXProject section */

/* Begin PBXResourcesBuildPhase section */
		75DA4B5B1F3EC9940083CF01 /* Resources */ = {
			isa = PBXResourcesBuildPhase;
			buildActionMask = 2147483647;
			files = (
				75DA4B801F3EC9EC0083CF01 /* MyTableViewCell.xib in Resources */,
				75DA4B701F3EC9940083CF01 /* LaunchScreen.storyboard in Resources */,
				75DA4B6D1F3EC9940083CF01 /* Assets.xcassets in Resources */,
				75DA4B7B1F3EC9AF0083CF01 /* ListCollectionViewCell.xib in Resources */,
				75DA4B6B1F3EC9940083CF01 /* Main.storyboard in Resources */,
			);
			runOnlyForDeploymentPostprocessing = 0;
		};
/* End PBXResourcesBuildPhase section */

/* Begin PBXSourcesBuildPhase section */
		75DA4B591F3EC9940083CF01 /* Sources */ = {
			isa = PBXSourcesBuildPhase;
			buildActionMask = 2147483647;
			files = (
				75DA4C051F3F26C10083CF01 /* MySubModel.m in Sources */,
				75DA4B681F3EC9940083CF01 /* ViewController.m in Sources */,
				75DA4B651F3EC9940083CF01 /* AppDelegate.m in Sources */,
				75DA4B7A1F3EC9AF0083CF01 /* ListCollectionViewCell.m in Sources */,
				75DA4C021F3F26790083CF01 /* MyModel.m in Sources */,
				75DA4B621F3EC9940083CF01 /* main.m in Sources */,
				75DA4B7F1F3EC9EC0083CF01 /* MyTableViewCell.m in Sources */,
			);
			runOnlyForDeploymentPostprocessing = 0;
		};
/* End PBXSourcesBuildPhase section */

/* Begin PBXVariantGroup section */
		75DA4B691F3EC9940083CF01 /* Main.storyboard */ = {
			isa = PBXVariantGroup;
			children = (
				75DA4B6A1F3EC9940083CF01 /* Base */,
			);
			name = Main.storyboard;
			sourceTree = "<group>";
		};
		75DA4B6E1F3EC9940083CF01 /* LaunchScreen.storyboard */ = {
			isa = PBXVariantGroup;
			children = (
				75DA4B6F1F3EC9940083CF01 /* Base */,
			);
			name = LaunchScreen.storyboard;
			sourceTree = "<group>";
		};
/* End PBXVariantGroup section */

/* Begin XCBuildConfiguration section */
		75DA4B721F3EC9940083CF01 /* Debug */ = {
			isa = XCBuildConfiguration;
			buildSettings = {
				ALWAYS_SEARCH_USER_PATHS = NO;
				CLANG_ANALYZER_NONNULL = YES;
				CLANG_ANALYZER_NUMBER_OBJECT_CONVERSION = YES_AGGRESSIVE;
				CLANG_CXX_LANGUAGE_STANDARD = "gnu++0x";
				CLANG_CXX_LIBRARY = "libc++";
				CLANG_ENABLE_MODULES = YES;
				CLANG_ENABLE_OBJC_ARC = YES;
				CLANG_WARN_BOOL_CONVERSION = YES;
				CLANG_WARN_CONSTANT_CONVERSION = YES;
				CLANG_WARN_DIRECT_OBJC_ISA_USAGE = YES_ERROR;
				CLANG_WARN_DOCUMENTATION_COMMENTS = YES;
				CLANG_WARN_EMPTY_BODY = YES;
				CLANG_WARN_ENUM_CONVERSION = YES;
				CLANG_WARN_INFINITE_RECURSION = YES;
				CLANG_WARN_INT_CONVERSION = YES;
				CLANG_WARN_OBJC_ROOT_CLASS = YES_ERROR;
				CLANG_WARN_SUSPICIOUS_MOVE = YES;
				CLANG_WARN_UNREACHABLE_CODE = YES;
				CLANG_WARN__DUPLICATE_METHOD_MATCH = YES;
				"CODE_SIGN_IDENTITY[sdk=iphoneos*]" = "iPhone Developer";
				COPY_PHASE_STRIP = NO;
				DEBUG_INFORMATION_FORMAT = dwarf;
				ENABLE_STRICT_OBJC_MSGSEND = YES;
				ENABLE_TESTABILITY = YES;
				GCC_C_LANGUAGE_STANDARD = gnu99;
				GCC_DYNAMIC_NO_PIC = NO;
				GCC_NO_COMMON_BLOCKS = YES;
				GCC_OPTIMIZATION_LEVEL = 0;
				GCC_PREPROCESSOR_DEFINITIONS = (
					"DEBUG=1",
					"$(inherited)",
				);
				GCC_WARN_64_TO_32_BIT_CONVERSION = YES;
				GCC_WARN_ABOUT_RETURN_TYPE = YES_ERROR;
				GCC_WARN_UNDECLARED_SELECTOR = YES;
				GCC_WARN_UNINITIALIZED_AUTOS = YES_AGGRESSIVE;
				GCC_WARN_UNUSED_FUNCTION = YES;
				GCC_WARN_UNUSED_VARIABLE = YES;
				IPHONEOS_DEPLOYMENT_TARGET = 10.3;
				MTL_ENABLE_DEBUG_INFO = YES;
				ONLY_ACTIVE_ARCH = YES;
				SDKROOT = iphoneos;
			};
			name = Debug;
		};
		75DA4B731F3EC9940083CF01 /* Release */ = {
			isa = XCBuildConfiguration;
			buildSettings = {
				ALWAYS_SEARCH_USER_PATHS = NO;
				CLANG_ANALYZER_NONNULL = YES;
				CLANG_ANALYZER_NUMBER_OBJECT_CONVERSION = YES_AGGRESSIVE;
				CLANG_CXX_LANGUAGE_STANDARD = "gnu++0x";
				CLANG_CXX_LIBRARY = "libc++";
				CLANG_ENABLE_MODULES = YES;
				CLANG_ENABLE_OBJC_ARC = YES;
				CLANG_WARN_BOOL_CONVERSION = YES;
				CLANG_WARN_CONSTANT_CONVERSION = YES;
				CLANG_WARN_DIRECT_OBJC_ISA_USAGE = YES_ERROR;
				CLANG_WARN_DOCUMENTATION_COMMENTS = YES;
				CLANG_WARN_EMPTY_BODY = YES;
				CLANG_WARN_ENUM_CONVERSION = YES;
				CLANG_WARN_INFINITE_RECURSION = YES;
				CLANG_WARN_INT_CONVERSION = YES;
				CLANG_WARN_OBJC_ROOT_CLASS = YES_ERROR;
				CLANG_WARN_SUSPICIOUS_MOVE = YES;
				CLANG_WARN_UNREACHABLE_CODE = YES;
				CLANG_WARN__DUPLICATE_METHOD_MATCH = YES;
				"CODE_SIGN_IDENTITY[sdk=iphoneos*]" = "iPhone Developer";
				COPY_PHASE_STRIP = NO;
				DEBUG_INFORMATION_FORMAT = "dwarf-with-dsym";
				ENABLE_NS_ASSERTIONS = NO;
				ENABLE_STRICT_OBJC_MSGSEND = YES;
				GCC_C_LANGUAGE_STANDARD = gnu99;
				GCC_NO_COMMON_BLOCKS = YES;
				GCC_WARN_64_TO_32_BIT_CONVERSION = YES;
				GCC_WARN_ABOUT_RETURN_TYPE = YES_ERROR;
				GCC_WARN_UNDECLARED_SELECTOR = YES;
				GCC_WARN_UNINITIALIZED_AUTOS = YES_AGGRESSIVE;
				GCC_WARN_UNUSED_FUNCTION = YES;
				GCC_WARN_UNUSED_VARIABLE = YES;
				IPHONEOS_DEPLOYMENT_TARGET = 10.3;
				MTL_ENABLE_DEBUG_INFO = NO;
				SDKROOT = iphoneos;
				VALIDATE_PRODUCT = YES;
			};
			name = Release;
		};
		75DA4B751F3EC9940083CF01 /* Debug */ = {
			isa = XCBuildConfiguration;
			buildSettings = {
				ASSETCATALOG_COMPILER_APPICON_NAME = AppIcon;
				DEVELOPMENT_TEAM = 48R9Z452YE;
				INFOPLIST_FILE = 666/Info.plist;
				LD_RUNPATH_SEARCH_PATHS = "$(inherited) @executable_path/Frameworks";
				PRODUCT_BUNDLE_IDENTIFIER = "circle-blue.-66";
				PRODUCT_NAME = "$(TARGET_NAME)";
			};
			name = Debug;
		};
		75DA4B761F3EC9940083CF01 /* Release */ = {
			isa = XCBuildConfiguration;
			buildSettings = {
				ASSETCATALOG_COMPILER_APPICON_NAME = AppIcon;
				DEVELOPMENT_TEAM = 48R9Z452YE;
				INFOPLIST_FILE = 666/Info.plist;
				LD_RUNPATH_SEARCH_PATHS = "$(inherited) @executable_path/Frameworks";
				PRODUCT_BUNDLE_IDENTIFIER = "circle-blue.-66";
				PRODUCT_NAME = "$(TARGET_NAME)";
			};
			name = Release;
		};
/* End XCBuildConfiguration section */

/* Begin XCConfigurationList section */
		75DA4B581F3EC9940083CF01 /* Build configuration list for PBXProject "666" */ = {
			isa = XCConfigurationList;
			buildConfigurations = (
				75DA4B721F3EC9940083CF01 /* Debug */,
				75DA4B731F3EC9940083CF01 /* Release */,
			);
			defaultConfigurationIsVisible = 0;
			defaultConfigurationName = Release;
		};
		75DA4B741F3EC9940083CF01 /* Build configuration list for PBXNativeTarget "666" */ = {
			isa = XCConfigurationList;
			buildConfigurations = (
				75DA4B751F3EC9940083CF01 /* Debug */,
				75DA4B761F3EC9940083CF01 /* Release */,
			);
			defaultConfigurationIsVisible = 0;
			defaultConfigurationName = Release;
		};
/* End XCConfigurationList section */
	};
	rootObject = 75DA4B551F3EC9940083CF01 /* Project object */;
}
